
Microsoft Visual Studio Solution File, Format Version 12.00
# Visual Studio Version 17
VisualStudioVersion = 17.5.33424.131
MinimumVisualStudioVersion = 10.0.40219.1
Project("{8BC9CEB8-8B4A-11D0-8D11-00A0C91BC942}") = "Lab1-2", "Lab1-2\Lab1-2.vcxproj", "{E69D0A00-42CA-4C59-8ACD-899E330FC0C6}"
EndProject
Global
	GlobalSection(SolutionConfigurationPlatforms) = preSolution
		Debug|arm64 = Debug|arm64
		Debug|x64 = Debug|x64
		Debug|x86 = Debug|x86
		Release|arm64 = Release|arm64
		Release|x64 = Release|x64
		Release|x86 = Release|x86
	EndGlobalSection
	GlobalSection(ProjectConfigurationPlatforms) = postSolution
		{E69D0A00-42CA-4C59-8ACD-899E330FC0C6}.Debug|arm64.ActiveCfg = Debug|arm64
		{E69D0A00-42CA-4C59-8ACD-899E330FC0C6}.Debug|arm64.Build.0 = Debug|arm64
		{E69D0A00-42CA-4C59-8ACD-899E330FC0C6}.Debug|x64.ActiveCfg = Debug|x64
		{E69D0A00-42CA-4C59-8ACD-899E330FC0C6}.Debug|x64.Build.0 = Debug|x64
		{E69D0A00-42CA-4C59-8ACD-899E330FC0C6}.Debug|x86.ActiveCfg = Debug|Win32
		{E69D0A00-42CA-4C59-8ACD-899E330FC0C6}.Debug|x86.Build.0 = Debug|Win32
		{E69D0A00-42CA-4C59-8ACD-899E330FC0C6}.Release|arm64.ActiveCfg = Release|arm64
		{E69D0A00-42CA-4C59-8ACD-899E330FC0C6}.Release|arm64.Build.0 = Release|arm64
		{E69D0A00-42CA-4C59-8ACD-899E330FC0C6}.Release|x64.ActiveCfg = Release|x64
		{E69D0A00-42CA-4C59-8ACD-899E330FC0C6}.Release|x64.Build.0 = Release|x64
		{E69D0A00-42CA-4C59-8ACD-899E330FC0C6}.Release|x86.ActiveCfg = Release|Win32
		{E69D0A00-42CA-4C59-8ACD-899E330FC0C6}.Release|x86.Build.0 = Release|Win32
	EndGlobalSection
	GlobalSection(SolutionProperties) = preSolution
		HideSolutionNode = FALSE
	EndGlobalSection
	GlobalSection(ExtensibilityGlobals) = postSolution
		SolutionGuid = {6B68AA56-6219-425C-84C5-B2948A5D479C}
	EndGlobalSection
EndGlobal
